{
  "name": "bootcampbackend",
  "version": "1.0.0",
  "lockfileVersion": 1,
  "requires": true,
  "dependencies": {
    "nodeexpressfilestructure": {
      "version": "1.0.8",
      "resolved": "https://registry.npmjs.org/nodeexpressfilestructure/-/nodeexpressfilestructure-1.0.8.tgz",
      "integrity": "sha512-NBTTt9eFE+f1I0y38s+a6FsNB1hg06Da8RkA8RebNdXvXQxDO70jmFXBhMqNeBk1j7yZe7iNWx0t99GkICTYUA=="
    }
  }
}
